
Microsoft Visual Studio Solution File, Format Version 12.00
# Visual Studio Version 17
VisualStudioVersion = 17.8.34525.116
MinimumVisualStudioVersion = 10.0.40219.1
Project("{9A19103F-16F7-4668-BE54-9A1E7A4F7556}") = "MapGenerator", "MapGenerator.csproj", "{20AC30D2-E695-4790-A46D-50E5A772B452}"
EndProject
Global
	GlobalSection(SolutionConfigurationPlatforms) = preSolution
		Debug|Any CPU = Debug|Any CPU
		Release|Any CPU = Release|Any CPU
	EndGlobalSection
	GlobalSection(ProjectConfigurationPlatforms) = postSolution
		{20AC30D2-E695-4790-A46D-50E5A772B452}.Debug|Any CPU.ActiveCfg = Debug|Any CPU
		{20AC30D2-E695-4790-A46D-50E5A772B452}.Debug|Any CPU.Build.0 = Debug|Any CPU
		{20AC30D2-E695-4790-A46D-50E5A772B452}.Release|Any CPU.ActiveCfg = Release|Any CPU
		{20AC30D2-E695-4790-A46D-50E5A772B452}.Release|Any CPU.Build.0 = Release|Any CPU
	EndGlobalSection
	GlobalSection(SolutionProperties) = preSolution
		HideSolutionNode = FALSE
	EndGlobalSection
	GlobalSection(ExtensibilityGlobals) = postSolution
		SolutionGuid = {00323955-33CA-4792-834C-D2AD269878A5}
	EndGlobalSection
EndGlobal
